[[package]]
category = "main"
description = "Freely available tools for computational molecular biology."
name = "biopython"
optional = false
python-versions = "*"
version = "1.77"

[package.dependencies]
numpy = "*"

[[package]]
category = "main"
description = "create standalone executables from Python scripts"
name = "cx-freeze"
optional = false
python-versions = "*"
version = "6.1"

[[package]]
category = "main"
description = "Python interface to Oracle"
name = "cx-oracle"
optional = false
python-versions = "*"
version = "8.0.0"

[[package]]
category = "main"
description = "NumPy is the fundamental package for array computing with Python."
name = "numpy"
optional = false
python-versions = ">=3.6"
version = "1.19.1"

[[package]]
category = "main"
description = "Pure Python, cross platform, single function module with no dependencies for playing sounds."
name = "playsound"
optional = false
python-versions = "*"
version = "1.2.2"

[[package]]
category = "main"
description = "PycURL -- A Python Interface To The cURL library"
name = "pycurl"
optional = false
python-versions = "*"
version = "7.43.0.5"

[[package]]
category = "main"
description = "Python bindings for the Qt cross platform application toolkit"
name = "pyqt5"
optional = false
python-versions = ">=3.5"
version = "5.15.0"

[package.dependencies]
PyQt5-sip = ">=12.8,<13"

[[package]]
category = "main"
description = "The sip module support for PyQt5"
name = "pyqt5-sip"
optional = false
python-versions = ">=3.5"
version = "12.8.0"

[[package]]
category = "main"
description = "Makes working with XML feel like you are working with JSON"
name = "xmltodict"
optional = false
python-versions = ">=2.7, !=3.0.*, !=3.1.*, !=3.2.*, !=3.3.*"
version = "0.12.0"

[metadata]
content-hash = "b67051be588d1d1edaa686530fe1ba36383c56632ede2469aace547d32628f34"
python-versions = "^3.6"

[metadata.files]
biopython = [
    {file = "biopython-1.77-cp36-cp36m-macosx_10_9_x86_64.whl", hash = "sha256:50a22232cc74f3dcd2c3b91735e44ed9c1eaa1430ea13cf490876a9ba96c5d8d"},
    {file = "biopython-1.77-cp36-cp36m-manylinux1_i686.whl", hash = "sha256:b289ab4b9a099a58bd1ec022e0f468c840ede84298a1221580111b2b712d421b"},
    {file = "biopython-1.77-cp36-cp36m-manylinux1_x86_64.whl", hash = "sha256:583c37d73857ce64796cba41a125c5b797796c16a7cf1873166d6be97dc3247e"},
    {file = "biopython-1.77-cp36-cp36m-win32.whl", hash = "sha256:4ba446c5c08f7863bdc9175c982cc6c1dc7262c824e6f8439c7c7e6b165bc165"},
    {file = "biopython-1.77-cp36-cp36m-win_amd64.whl", hash = "sha256:52bf44bf5ed0e8b9c43907b5a1955ac9c930f12a795a45e5fd8d452f4c089196"},
    {file = "biopython-1.77-cp37-cp37m-macosx_10_9_x86_64.whl", hash = "sha256:fd7db2db38cf938909032c1b8c49402930f74268f387090496d93e566cb3c219"},
    {file = "biopython-1.77-cp37-cp37m-manylinux1_i686.whl", hash = "sha256:2ff96797cda9b2ff280cff6d1f7530181baecfd65987b6d1fc8356230cdcedd8"},
    {file = "biopython-1.77-cp37-cp37m-manylinux1_x86_64.whl", hash = "sha256:4debae2570b5937f55626ec8f9ef0e7001d6269ce6e6cfad4c9dca5c7a22065e"},
    {file = "biopython-1.77-cp37-cp37m-win32.whl", hash = "sha256:8f0f2694b51785c6e1cf790cba79e5aa19dc9304485c7b019585624c88632354"},
    {file = "biopython-1.77-cp37-cp37m-win_amd64.whl", hash = "sha256:d76d0e197e06c6e33131e3bc964ac99e1ed9f99cc7834b513fbdb7efe04bc4bc"},
    {file = "biopython-1.77-cp38-cp38-macosx_10_9_x86_64.whl", hash = "sha256:5ac84aa3f61ba60b22bd00e06bc7b7408924396c8f13690a2ebdb6af0b62ecce"},
    {file = "biopython-1.77-cp38-cp38-manylinux1_i686.whl", hash = "sha256:825368cac116e5acdd6d003a1e13d3a9fe0eaa2c44a101f28a061a88cd287acf"},
    {file = "biopython-1.77-cp38-cp38-manylinux1_x86_64.whl", hash = "sha256:8b9da6a9d5af1fcd979cbebd4df63321c7243c56b7f816672bf084393f6e4f3a"},
    {file = "biopython-1.77-cp38-cp38-win32.whl", hash = "sha256:d1a1b2b56d881113af8eda84cf148f07d2df158e3d71d884634d033442609db0"},
    {file = "biopython-1.77-cp38-cp38-win_amd64.whl", hash = "sha256:c277d762abe246ab23f459837451c5de16b13116f298a7a7fb896b4c839cd7a5"},
    {file = "biopython-1.77.tar.gz", hash = "sha256:fb1936e9ca9e7af8de1050e84375f23328e04b801063edf0ad73733494d8ec42"},
]
cx-freeze = [
    {file = "cx_Freeze-6.1-cp35-cp35m-win32.whl", hash = "sha256:91ded07c4a5a379fc6a8ff89569a96c56ca60448dc2e93f7c4d0056234083927"},
    {file = "cx_Freeze-6.1-cp35-cp35m-win_amd64.whl", hash = "sha256:69c13821d0949818e71eb1cd27a7aca9fc48cc24b2cf5cdd3647792d05df1249"},
    {file = "cx_Freeze-6.1-cp36-cp36m-win32.whl", hash = "sha256:02720e6ccfcc0f20d95247f9720c10aef6fbd156aaf5c5e4f32745c4851e1db0"},
    {file = "cx_Freeze-6.1-cp36-cp36m-win_amd64.whl", hash = "sha256:b9fb8a08699828e6cee9e72ad7dde834ed746e0452855d79638bf43b4db6ef45"},
    {file = "cx_Freeze-6.1-cp37-cp37m-win32.whl", hash = "sha256:1b78298f905ba0579377b3fa7b452066a5271b5a461ac2d9b0c06797dad63768"},
    {file = "cx_Freeze-6.1-cp37-cp37m-win_amd64.whl", hash = "sha256:a9b79e703d2d30f2a7d59af45d6645d5ffd5d9f00ec0840d83d2c9eeb989f364"},
    {file = "cx_Freeze-6.1-cp38-cp38-win32.whl", hash = "sha256:3e3378cdbde57bda17e3b5c6eebce499b1940a894c689695565d81180bc3ed43"},
    {file = "cx_Freeze-6.1-cp38-cp38-win_amd64.whl", hash = "sha256:68816580aa558498a0dd903dcbcab84e402a7d44cfbd8e9597355930629baee0"},
    {file = "cx_Freeze-6.1.tar.gz", hash = "sha256:a0181bdb0ed16b292f4cfb8cd3afc84e956fc187431f25392bd981460dd73da0"},
]
cx-oracle = [
    {file = "cx_Oracle-8.0.0-cp35-cp35m-manylinux1_x86_64.whl", hash = "sha256:6d924c9523fe23727244f98fffd49c9c91d3968359ec43eb3a2dbb5cc9089aa2"},
    {file = "cx_Oracle-8.0.0-cp35-cp35m-win32.whl", hash = "sha256:cb5eaa02ef0cbba28913d9295cf8c36f6b5ef001fe26b3961843381c990e4a5f"},
    {file = "cx_Oracle-8.0.0-cp35-cp35m-win_amd64.whl", hash = "sha256:64a0fe66ec75239736cf832e7a0b1015195e4078a922359ec197b41f5315f31b"},
    {file = "cx_Oracle-8.0.0-cp36-cp36m-manylinux1_x86_64.whl", hash = "sha256:15c98a1a614a76cd3188dd5fb4c93ff8d806aa58259712c0e2295cc5abaa3cc1"},
    {file = "cx_Oracle-8.0.0-cp36-cp36m-win32.whl", hash = "sha256:2b00d494de8f58a92441d1a4dd969676d927275e3f52b40d98dec3a1b802ba8d"},
    {file = "cx_Oracle-8.0.0-cp36-cp36m-win_amd64.whl", hash = "sha256:232633ea29d8e9ab4f5891c2f0cf2ab6f5f96d30251f2524a947264e4c1f2d9e"},
    {file = "cx_Oracle-8.0.0-cp37-cp37m-manylinux1_x86_64.whl", hash = "sha256:53843efebf5d8371f55648fbb474841ee8a6e8a744cdd9bc838c7c27cdc7721f"},
    {file = "cx_Oracle-8.0.0-cp37-cp37m-win32.whl", hash = "sha256:2483cf8b395c1b3ed86610d7291244cf0b7f4de67317515232b5bbfcb2b198fa"},
    {file = "cx_Oracle-8.0.0-cp37-cp37m-win_amd64.whl", hash = "sha256:6dcf4ae1a55c5042d746d4fa27dcd96bf72aebf3c9f8cd89e9720dd9065e2bf7"},
    {file = "cx_Oracle-8.0.0-cp38-cp38-manylinux1_x86_64.whl", hash = "sha256:fb5beb3ad5a102d8276e0c7dac68fab6aa63cc49afe1ccc9e3709071a3b95c64"},
    {file = "cx_Oracle-8.0.0-cp38-cp38-win32.whl", hash = "sha256:b4d62148a75e15e6aaa67fb056c13f5748cf5f1842c85829e640242aa0dce4d1"},
    {file = "cx_Oracle-8.0.0-cp38-cp38-win_amd64.whl", hash = "sha256:0713680c5a2e76b12375abd320b206d544f2fff01e792b9e02c2b977e2dbf53b"},
    {file = "cx_Oracle-8.0.0.tar.gz", hash = "sha256:cddc298301789c724de5817611f7bd38b4859b371928e2e85a9c37af222f73c8"},
]
numpy = [
    {file = "numpy-1.19.1-cp36-cp36m-macosx_10_9_x86_64.whl", hash = "sha256:b1cca51512299841bf69add3b75361779962f9cee7d9ee3bb446d5982e925b69"},
    {file = "numpy-1.19.1-cp36-cp36m-manylinux1_i686.whl", hash = "sha256:c9591886fc9cbe5532d5df85cb8e0cc3b44ba8ce4367bd4cf1b93dc19713da72"},
    {file = "numpy-1.19.1-cp36-cp36m-manylinux1_x86_64.whl", hash = "sha256:cf1347450c0b7644ea142712619533553f02ef23f92f781312f6a3553d031fc7"},
    {file = "numpy-1.19.1-cp36-cp36m-manylinux2010_i686.whl", hash = "sha256:ed8a311493cf5480a2ebc597d1e177231984c818a86875126cfd004241a73c3e"},
    {file = "numpy-1.19.1-cp36-cp36m-manylinux2010_x86_64.whl", hash = "sha256:3673c8b2b29077f1b7b3a848794f8e11f401ba0b71c49fbd26fb40b71788b132"},
    {file = "numpy-1.19.1-cp36-cp36m-manylinux2014_aarch64.whl", hash = "sha256:56ef7f56470c24bb67fb43dae442e946a6ce172f97c69f8d067ff8550cf782ff"},
    {file = "numpy-1.19.1-cp36-cp36m-win32.whl", hash = "sha256:aaf42a04b472d12515debc621c31cf16c215e332242e7a9f56403d814c744624"},
    {file = "numpy-1.19.1-cp36-cp36m-win_amd64.whl", hash = "sha256:082f8d4dd69b6b688f64f509b91d482362124986d98dc7dc5f5e9f9b9c3bb983"},
    {file = "numpy-1.19.1-cp37-cp37m-macosx_10_9_x86_64.whl", hash = "sha256:e4f6d3c53911a9d103d8ec9518190e52a8b945bab021745af4939cfc7c0d4a9e"},
    {file = "numpy-1.19.1-cp37-cp37m-manylinux1_i686.whl", hash = "sha256:5b6885c12784a27e957294b60f97e8b5b4174c7504665333c5e94fbf41ae5d6a"},
    {file = "numpy-1.19.1-cp37-cp37m-manylinux1_x86_64.whl", hash = "sha256:1bc0145999e8cb8aed9d4e65dd8b139adf1919e521177f198529687dbf613065"},
    {file = "numpy-1.19.1-cp37-cp37m-manylinux2010_i686.whl", hash = "sha256:5a936fd51049541d86ccdeef2833cc89a18e4d3808fe58a8abeb802665c5af93"},
    {file = "numpy-1.19.1-cp37-cp37m-manylinux2010_x86_64.whl", hash = "sha256:ef71a1d4fd4858596ae80ad1ec76404ad29701f8ca7cdcebc50300178db14dfc"},
    {file = "numpy-1.19.1-cp37-cp37m-manylinux2014_aarch64.whl", hash = "sha256:b9792b0ac0130b277536ab8944e7b754c69560dac0415dd4b2dbd16b902c8954"},
    {file = "numpy-1.19.1-cp37-cp37m-win32.whl", hash = "sha256:b12e639378c741add21fbffd16ba5ad25c0a1a17cf2b6fe4288feeb65144f35b"},
    {file = "numpy-1.19.1-cp37-cp37m-win_amd64.whl", hash = "sha256:8343bf67c72e09cfabfab55ad4a43ce3f6bf6e6ced7acf70f45ded9ebb425055"},
    {file = "numpy-1.19.1-cp38-cp38-macosx_10_9_x86_64.whl", hash = "sha256:e45f8e981a0ab47103181773cc0a54e650b2aef8c7b6cd07405d0fa8d869444a"},
    {file = "numpy-1.19.1-cp38-cp38-manylinux1_i686.whl", hash = "sha256:667c07063940e934287993366ad5f56766bc009017b4a0fe91dbd07960d0aba7"},
    {file = "numpy-1.19.1-cp38-cp38-manylinux1_x86_64.whl", hash = "sha256:480fdd4dbda4dd6b638d3863da3be82873bba6d32d1fc12ea1b8486ac7b8d129"},
    {file = "numpy-1.19.1-cp38-cp38-manylinux2010_i686.whl", hash = "sha256:935c27ae2760c21cd7354402546f6be21d3d0c806fffe967f745d5f2de5005a7"},
    {file = "numpy-1.19.1-cp38-cp38-manylinux2010_x86_64.whl", hash = "sha256:309cbcfaa103fc9a33ec16d2d62569d541b79f828c382556ff072442226d1968"},
    {file = "numpy-1.19.1-cp38-cp38-manylinux2014_aarch64.whl", hash = "sha256:7ed448ff4eaffeb01094959b19cbaf998ecdee9ef9932381420d514e446601cd"},
    {file = "numpy-1.19.1-cp38-cp38-win32.whl", hash = "sha256:de8b4a9b56255797cbddb93281ed92acbc510fb7b15df3f01bd28f46ebc4edae"},
    {file = "numpy-1.19.1-cp38-cp38-win_amd64.whl", hash = "sha256:92feb989b47f83ebef246adabc7ff3b9a59ac30601c3f6819f8913458610bdcc"},
    {file = "numpy-1.19.1-pp36-pypy36_pp73-manylinux2010_x86_64.whl", hash = "sha256:e1b1dc0372f530f26a03578ac75d5e51b3868b9b76cd2facba4c9ee0eb252ab1"},
    {file = "numpy-1.19.1.zip", hash = "sha256:b8456987b637232602ceb4d663cb34106f7eb780e247d51a260b84760fd8f491"},
]
playsound = [
    {file = "playsound-1.2.2-py2.py3-none-any.whl", hash = "sha256:1e83750a5325cbccee03d6e751ba3e78c037ac95b95a3ba1f38d0c5aca9e1a34"},
]
pycurl = [
    {file = "pycurl-7.43.0.5-cp35-cp35m-win32.whl", hash = "sha256:beadfa7f052626864d70eb33cec8f2aeece12dfb483c2424cc07b057f83b7d35"},
    {file = "pycurl-7.43.0.5-cp35-cp35m-win_amd64.whl", hash = "sha256:7cc13d3421cbd31921d77e22d1f57c0e1a8d0fb461938a587689a93162ccef2f"},
    {file = "pycurl-7.43.0.5-cp36-cp36m-win32.whl", hash = "sha256:50aee0469511a9708a1f1a50d510b5ec2013fc6f5e720c32bbcb3b9c7b0f45b1"},
    {file = "pycurl-7.43.0.5-cp36-cp36m-win_amd64.whl", hash = "sha256:a0c62dbc66b9b947832307d6cf7bdb5e4da906ce7b3efe6f74292e8f3dc5abe3"},
    {file = "pycurl-7.43.0.5-cp37-cp37m-win32.whl", hash = "sha256:a6966e8d9ccda31c6d077c4f8673aaa88141cc73d50e110e93e627b816d17fd1"},
    {file = "pycurl-7.43.0.5-cp37-cp37m-win_amd64.whl", hash = "sha256:c5c379c8cc777dda397f86f0d0049480250ae84a82a9d99d668f461d368fb39c"},
    {file = "pycurl-7.43.0.5-cp38-cp38-win32.whl", hash = "sha256:667db26516e50ce4a853745906f3b149c24756d85061b9d966eb7ec43a8c48a4"},
    {file = "pycurl-7.43.0.5-cp38-cp38-win_amd64.whl", hash = "sha256:1957c867e2a341f5526c107c7bbc5014d6e75fdc2a14294fcb8a47663fbd2e15"},
    {file = "pycurl-7.43.0.5.tar.gz", hash = "sha256:ec7dd291545842295b7b56c12c90ffad2976cc7070c98d7b1517b7b6cd5994b3"},
    {file = "pycurl-7.43.0.5.win-amd64-py3.5.exe", hash = "sha256:404862665c4e2dbe814c9495d1193a65ae0f291a7074ae1ef1f0bffd93c14ea6"},
    {file = "pycurl-7.43.0.5.win-amd64-py3.6.exe", hash = "sha256:b651f47c61c051ea93299b0e7a341860d33bfe2cf524237be0fb56399f026d98"},
    {file = "pycurl-7.43.0.5.win-amd64-py3.7.exe", hash = "sha256:789a76e9265cdb7c947ec0afde2330492ccc0f2cee8e3ca8c0822082b6ae213e"},
    {file = "pycurl-7.43.0.5.win-amd64-py3.8.exe", hash = "sha256:daa017e8dc887129e4a2cd88b7be8c431e434b89737348eaa12096026020756a"},
    {file = "pycurl-7.43.0.5.win32-py3.5.exe", hash = "sha256:b393aa90abf07ddd51d750c0c6a801155af07f938af6ec8b89ea00ff3f892887"},
    {file = "pycurl-7.43.0.5.win32-py3.6.exe", hash = "sha256:e1aea68b1d39dbcafc7298214f51f6ebd5f188c06aa418e9c046dfe419fe7ecf"},
    {file = "pycurl-7.43.0.5.win32-py3.7.exe", hash = "sha256:b58e4d7888edd74dce40b9481962f0537dc77a44d99b5cc3385c3ffdaf2abf93"},
    {file = "pycurl-7.43.0.5.win32-py3.8.exe", hash = "sha256:b6512b864466b242ffc3997e982d4590e035d056d37e63136fa137a4044ce2f1"},
]
pyqt5 = [
    {file = "PyQt5-5.15.0-5.15.0-cp35.cp36.cp37.cp38-abi3-macosx_10_6_intel.whl", hash = "sha256:14be35c0c1bcc804791a096d2ef9950f12c6fd34dd11dbe61b8c769fefcdf98c"},
    {file = "PyQt5-5.15.0-5.15.0-cp35.cp36.cp37.cp38-abi3-manylinux2014_x86_64.whl", hash = "sha256:3605d34ba6291b9194c46035e228d6d01f39d120cf5ecc70301c11e7900fed21"},
    {file = "PyQt5-5.15.0-5.15.0-cp35.cp36.cp37.cp38-none-win32.whl", hash = "sha256:e05c86b8c4f02d62a5b355d426fd8d063781dd44c6a3f916640a5beb40efe60a"},
    {file = "PyQt5-5.15.0-5.15.0-cp35.cp36.cp37.cp38-none-win_amd64.whl", hash = "sha256:5bac0fab1e9891d73400c2470a9cb810e6bdbc7027a84ae4d3ec83436f1109ec"},
    {file = "PyQt5-5.15.0.tar.gz", hash = "sha256:c6f75488ffd5365a65893bc64ea82a6957db126fbfe33654bcd43ae1c30c52f9"},
]
pyqt5-sip = [
    {file = "PyQt5_sip-12.8.0-cp35-cp35m-macosx_10_6_intel.whl", hash = "sha256:9ef12754021bcc1246f97e00ea62b5594dd5c61192830639ab4a1640bd4b7940"},
    {file = "PyQt5_sip-12.8.0-cp35-cp35m-manylinux1_x86_64.whl", hash = "sha256:fa3d70f370604efc67085849d3d1d3d2109faa716c520faf601d15845df64de6"},
    {file = "PyQt5_sip-12.8.0-cp35-cp35m-win32.whl", hash = "sha256:61aa60fb848d740581646603a12c2dcb8d7c4cbd2a9c476a1c891ec360ff0b87"},
    {file = "PyQt5_sip-12.8.0-cp35-cp35m-win_amd64.whl", hash = "sha256:8d9f4dc7dbae9783c5dafd66801875a2ebf9302c3addd5739f772285c1c1e91c"},
    {file = "PyQt5_sip-12.8.0-cp36-cp36m-macosx_10_6_intel.whl", hash = "sha256:9b69db29571dde679908fb237784a8e7af4a2cbf1b7bb25bdb86e487210e04d2"},
    {file = "PyQt5_sip-12.8.0-cp36-cp36m-manylinux1_x86_64.whl", hash = "sha256:58eae636e0b1926cddec98a703319a47f671cef07d73aaa525ba421cd4adfeb5"},
    {file = "PyQt5_sip-12.8.0-cp36-cp36m-win32.whl", hash = "sha256:e6254647fa35e1260282aeb9c32a3dd363287b9a1ffcc4f22bd27e54178e92e4"},
    {file = "PyQt5_sip-12.8.0-cp36-cp36m-win_amd64.whl", hash = "sha256:f4c294bfaf2be8004583266d4621bfd3a387e12946f548f966a7fbec91845f1b"},
    {file = "PyQt5_sip-12.8.0-cp37-cp37m-macosx_10_9_x86_64.whl", hash = "sha256:224e2fbb7088595940c348d168a317caa2110cbb7a5b957a8c3fc0d9296ee069"},
    {file = "PyQt5_sip-12.8.0-cp37-cp37m-manylinux1_x86_64.whl", hash = "sha256:5c19c4ad67af087e8f4411da7422391b236b941f5f0697f615c5816455d1355d"},
    {file = "PyQt5_sip-12.8.0-cp37-cp37m-win32.whl", hash = "sha256:2a1153cda63f2632d3d5698f0cf29f6b1f1d5162305dc6f5b23336ad8f1039ed"},
    {file = "PyQt5_sip-12.8.0-cp37-cp37m-win_amd64.whl", hash = "sha256:94c80677b1e8c92fa080e24045d54ace5e4343c4ee6d0216675cd91d6f8e122a"},
    {file = "PyQt5_sip-12.8.0-cp38-cp38-macosx_10_9_x86_64.whl", hash = "sha256:2a2239d16a49ce6eaf10166a84424543111f8ebe49d3c124d02af91b01a58425"},
    {file = "PyQt5_sip-12.8.0-cp38-cp38-manylinux1_x86_64.whl", hash = "sha256:b1bbe763d431d26f9565cba3e99866768761366ab6d609d2506d194882156fa7"},
    {file = "PyQt5_sip-12.8.0-cp38-cp38-win32.whl", hash = "sha256:d7b8a8f89385ad9e3da38e0123c22c0efc18005e0e2731b6b95e4c21db2049d2"},
    {file = "PyQt5_sip-12.8.0-cp38-cp38-win_amd64.whl", hash = "sha256:1d65ce08a56282fb0273dd06585b8927b88d4fba71c01a54f8e2ac87ac1ed387"},
    {file = "PyQt5_sip-12.8.0.tar.gz", hash = "sha256:0a34b6596bdd28d52da3a51fa8d9bb0b287bcb605c2512aa3251b9028cc71f4d"},
]
xmltodict = [
    {file = "xmltodict-0.12.0-py2.py3-none-any.whl", hash = "sha256:8bbcb45cc982f48b2ca8fe7e7827c5d792f217ecf1792626f808bf41c3b86051"},
    {file = "xmltodict-0.12.0.tar.gz", hash = "sha256:50d8c638ed7ecb88d90561beedbf720c9b4e851a9fa6c47ebd64e99d166d8a21"},
]
