# This file is automatically @generated by Poetry 1.4.2 and should not be changed by hand.

[[package]]
name = "biopython"
version = "1.81"
description = "Freely available tools for computational molecular biology."
category = "main"
optional = false
python-versions = ">=3.7"
files = [
    {file = "biopython-1.81-cp310-cp310-macosx_10_9_x86_64.whl", hash = "sha256:ef7c79b65b0b3f3c7dc59e20a7f8ae5758d8e852cb8b9cace590dc5617e348ba"},
    {file = "biopython-1.81-cp310-cp310-manylinux_2_17_x86_64.manylinux2014_x86_64.whl", hash = "sha256:6ebfbce0d91796c7aef422ee9dffe8827e07e5abaa94545e006f1f20e965c80b"},
    {file = "biopython-1.81-cp310-cp310-win32.whl", hash = "sha256:919a2c583cabf9c96d2ae4e1245a6b0376932fb342aca302a0fc198b71ab3275"},
    {file = "biopython-1.81-cp310-cp310-win_amd64.whl", hash = "sha256:b37c0d24191e5c96ca02415a5188551980c83a0d518bbc4ffe3c9a5d1fe0ee81"},
    {file = "biopython-1.81-cp311-cp311-macosx_10_9_x86_64.whl", hash = "sha256:7a168709694e10b338718c18d967edd5b56c237dc88642c22275796007a70000"},
    {file = "biopython-1.81-cp311-cp311-manylinux_2_17_x86_64.manylinux2014_x86_64.whl", hash = "sha256:a51d9c1d1b4b634447535da74a644fae59bc234fbbf9001e2dc6b6fbabb98019"},
    {file = "biopython-1.81-cp311-cp311-win32.whl", hash = "sha256:2f9cfaf16d55ab80d514e7aebe5710dabe4e4ff47ede851031202e33b3249da3"},
    {file = "biopython-1.81-cp311-cp311-win_amd64.whl", hash = "sha256:e41b55edcfd448630e77bf4de66a7235324a8a149621499891da6bd1d5085b9a"},
    {file = "biopython-1.81-cp37-cp37m-macosx_10_9_x86_64.whl", hash = "sha256:3b36ba1bf6395c09a365c53530c9d71f3617763fa2c1d452b3d8948368c0f1de"},
    {file = "biopython-1.81-cp37-cp37m-manylinux_2_17_x86_64.manylinux2014_x86_64.whl", hash = "sha256:7c5c07123ff5f44c9e6b5369df854a38afd3c0c50ef58498a0ae8f7eb799f3e8"},
    {file = "biopython-1.81-cp37-cp37m-manylinux_2_5_i686.manylinux1_i686.manylinux_2_17_i686.manylinux2014_i686.whl", hash = "sha256:97cbdbed01b2512471f36c74b91658d1dfbdcbf39bc038f6ce5a41c3e60a8fc6"},
    {file = "biopython-1.81-cp37-cp37m-win32.whl", hash = "sha256:35506e39822c52d11cf09a3951e82375ca1bb9303960b4286acf02c9a6f6c4cc"},
    {file = "biopython-1.81-cp37-cp37m-win_amd64.whl", hash = "sha256:793c42a376cd63f62f8a088ce39b7dc6b5c55e4e9031d887c434de1595bfa4b8"},
    {file = "biopython-1.81-cp38-cp38-macosx_10_9_x86_64.whl", hash = "sha256:11d673698b3d0d6589292ea951fb62cb24ea27d273eca0d08dbbd956690f97f5"},
    {file = "biopython-1.81-cp38-cp38-manylinux_2_17_x86_64.manylinux2014_x86_64.whl", hash = "sha256:655df416936662c0c8a06a549cb25e1560e1fea5067d850f34fb714b8a3fae6c"},
    {file = "biopython-1.81-cp38-cp38-manylinux_2_5_i686.manylinux1_i686.manylinux_2_17_i686.manylinux2014_i686.whl", hash = "sha256:762c6c43a8486b5fcd07f136a3217b87d24755618b9ea9da1f17124ff44c2ad6"},
    {file = "biopython-1.81-cp38-cp38-win32.whl", hash = "sha256:ee51bb1cd7decffd24da6b76d5e01b7e2fd818ab85cf0c180226cbb5793a3abd"},
    {file = "biopython-1.81-cp38-cp38-win_amd64.whl", hash = "sha256:ccd729249fd5f586dd4c2a3507c2ea2456825d7e615e97c07c409c850eaf4594"},
    {file = "biopython-1.81-cp39-cp39-macosx_10_9_x86_64.whl", hash = "sha256:9ba33244f0eff830beaa7240065bdb5095d96fded6599b76bbb9ddab45cd2bbd"},
    {file = "biopython-1.81-cp39-cp39-manylinux_2_17_x86_64.manylinux2014_x86_64.whl", hash = "sha256:8bb0c690c7368f255ed45236bf0f5464b476b8c083c8f634533921af78278261"},
    {file = "biopython-1.81-cp39-cp39-manylinux_2_5_i686.manylinux1_i686.manylinux_2_17_i686.manylinux2014_i686.whl", hash = "sha256:65b93b513ce9dd7b2ce058720eadf42cd03f312db3409356efeb93123d1320aa"},
    {file = "biopython-1.81-cp39-cp39-win32.whl", hash = "sha256:811796f8d222aa3869a50e31e54ce62b69106b47cd8bb06934867c0d843297b5"},
    {file = "biopython-1.81-cp39-cp39-win_amd64.whl", hash = "sha256:b09efcb4733c8770f25eab5fe555a96a08f5ab9e1bc36939e08ebf2ffbf3e0f1"},
    {file = "biopython-1.81.tar.gz", hash = "sha256:2cf38112b6d8415ad39d6a611988cd11fb5f33eb09346666a87263beba9614e0"},
]

[package.dependencies]
numpy = "*"

[[package]]
name = "certifi"
version = "2023.5.7"
description = "Python package for providing Mozilla's CA Bundle."
category = "main"
optional = false
python-versions = ">=3.6"
files = [
    {file = "certifi-2023.5.7-py3-none-any.whl", hash = "sha256:c6c2e98f5c7869efca1f8916fed228dd91539f9f1b444c314c06eef02980c716"},
    {file = "certifi-2023.5.7.tar.gz", hash = "sha256:0f0d56dc5a6ad56fd4ba36484d6cc34451e1c6548c61daad8c320169f91eddc7"},
]

[[package]]
name = "charset-normalizer"
version = "3.1.0"
description = "The Real First Universal Charset Detector. Open, modern and actively maintained alternative to Chardet."
category = "main"
optional = false
python-versions = ">=3.7.0"
files = [
    {file = "charset-normalizer-3.1.0.tar.gz", hash = "sha256:34e0a2f9c370eb95597aae63bf85eb5e96826d81e3dcf88b8886012906f509b5"},
    {file = "charset_normalizer-3.1.0-cp310-cp310-macosx_10_9_universal2.whl", hash = "sha256:e0ac8959c929593fee38da1c2b64ee9778733cdf03c482c9ff1d508b6b593b2b"},
    {file = "charset_normalizer-3.1.0-cp310-cp310-macosx_10_9_x86_64.whl", hash = "sha256:d7fc3fca01da18fbabe4625d64bb612b533533ed10045a2ac3dd194bfa656b60"},
    {file = "charset_normalizer-3.1.0-cp310-cp310-macosx_11_0_arm64.whl", hash = "sha256:04eefcee095f58eaabe6dc3cc2262f3bcd776d2c67005880894f447b3f2cb9c1"},
    {file = "charset_normalizer-3.1.0-cp310-cp310-manylinux_2_17_aarch64.manylinux2014_aarch64.whl", hash = "sha256:20064ead0717cf9a73a6d1e779b23d149b53daf971169289ed2ed43a71e8d3b0"},
    {file = "charset_normalizer-3.1.0-cp310-cp310-manylinux_2_17_ppc64le.manylinux2014_ppc64le.whl", hash = "sha256:1435ae15108b1cb6fffbcea2af3d468683b7afed0169ad718451f8db5d1aff6f"},
    {file = "charset_normalizer-3.1.0-cp310-cp310-manylinux_2_17_s390x.manylinux2014_s390x.whl", hash = "sha256:c84132a54c750fda57729d1e2599bb598f5fa0344085dbde5003ba429a4798c0"},
    {file = "charset_normalizer-3.1.0-cp310-cp310-manylinux_2_17_x86_64.manylinux2014_x86_64.whl", hash = "sha256:75f2568b4189dda1c567339b48cba4ac7384accb9c2a7ed655cd86b04055c795"},
    {file = "charset_normalizer-3.1.0-cp310-cp310-manylinux_2_5_i686.manylinux1_i686.manylinux_2_17_i686.manylinux2014_i686.whl", hash = "sha256:11d3bcb7be35e7b1bba2c23beedac81ee893ac9871d0ba79effc7fc01167db6c"},
    {file = "charset_normalizer-3.1.0-cp310-cp310-musllinux_1_1_aarch64.whl", hash = "sha256:891cf9b48776b5c61c700b55a598621fdb7b1e301a550365571e9624f270c203"},
    {file = "charset_normalizer-3.1.0-cp310-cp310-musllinux_1_1_i686.whl", hash = "sha256:5f008525e02908b20e04707a4f704cd286d94718f48bb33edddc7d7b584dddc1"},
    {file = "charset_normalizer-3.1.0-cp310-cp310-musllinux_1_1_ppc64le.whl", hash = "sha256:b06f0d3bf045158d2fb8837c5785fe9ff9b8c93358be64461a1089f5da983137"},
    {file = "charset_normalizer-3.1.0-cp310-cp310-musllinux_1_1_s390x.whl", hash = "sha256:49919f8400b5e49e961f320c735388ee686a62327e773fa5b3ce6721f7e785ce"},
    {file = "charset_normalizer-3.1.0-cp310-cp310-musllinux_1_1_x86_64.whl", hash = "sha256:22908891a380d50738e1f978667536f6c6b526a2064156203d418f4856d6e86a"},
    {file = "charset_normalizer-3.1.0-cp310-cp310-win32.whl", hash = "sha256:12d1a39aa6b8c6f6248bb54550efcc1c38ce0d8096a146638fd4738e42284448"},
    {file = "charset_normalizer-3.1.0-cp310-cp310-win_amd64.whl", hash = "sha256:65ed923f84a6844de5fd29726b888e58c62820e0769b76565480e1fdc3d062f8"},
    {file = "charset_normalizer-3.1.0-cp311-cp311-macosx_10_9_universal2.whl", hash = "sha256:9a3267620866c9d17b959a84dd0bd2d45719b817245e49371ead79ed4f710d19"},
    {file = "charset_normalizer-3.1.0-cp311-cp311-macosx_10_9_x86_64.whl", hash = "sha256:6734e606355834f13445b6adc38b53c0fd45f1a56a9ba06c2058f86893ae8017"},
    {file = "charset_normalizer-3.1.0-cp311-cp311-macosx_11_0_arm64.whl", hash = "sha256:f8303414c7b03f794347ad062c0516cee0e15f7a612abd0ce1e25caf6ceb47df"},
    {file = "charset_normalizer-3.1.0-cp311-cp311-manylinux_2_17_aarch64.manylinux2014_aarch64.whl", hash = "sha256:aaf53a6cebad0eae578f062c7d462155eada9c172bd8c4d250b8c1d8eb7f916a"},
    {file = "charset_normalizer-3.1.0-cp311-cp311-manylinux_2_17_ppc64le.manylinux2014_ppc64le.whl", hash = "sha256:3dc5b6a8ecfdc5748a7e429782598e4f17ef378e3e272eeb1340ea57c9109f41"},
    {file = "charset_normalizer-3.1.0-cp311-cp311-manylinux_2_17_s390x.manylinux2014_s390x.whl", hash = "sha256:e1b25e3ad6c909f398df8921780d6a3d120d8c09466720226fc621605b6f92b1"},
    {file = "charset_normalizer-3.1.0-cp311-cp311-manylinux_2_17_x86_64.manylinux2014_x86_64.whl", hash = "sha256:0ca564606d2caafb0abe6d1b5311c2649e8071eb241b2d64e75a0d0065107e62"},
    {file = "charset_normalizer-3.1.0-cp311-cp311-manylinux_2_5_i686.manylinux1_i686.manylinux_2_17_i686.manylinux2014_i686.whl", hash = "sha256:b82fab78e0b1329e183a65260581de4375f619167478dddab510c6c6fb04d9b6"},
    {file = "charset_normalizer-3.1.0-cp311-cp311-musllinux_1_1_aarch64.whl", hash = "sha256:bd7163182133c0c7701b25e604cf1611c0d87712e56e88e7ee5d72deab3e76b5"},
    {file = "charset_normalizer-3.1.0-cp311-cp311-musllinux_1_1_i686.whl", hash = "sha256:11d117e6c63e8f495412d37e7dc2e2fff09c34b2d09dbe2bee3c6229577818be"},
    {file = "charset_normalizer-3.1.0-cp311-cp311-musllinux_1_1_ppc64le.whl", hash = "sha256:cf6511efa4801b9b38dc5546d7547d5b5c6ef4b081c60b23e4d941d0eba9cbeb"},
    {file = "charset_normalizer-3.1.0-cp311-cp311-musllinux_1_1_s390x.whl", hash = "sha256:abc1185d79f47c0a7aaf7e2412a0eb2c03b724581139193d2d82b3ad8cbb00ac"},
    {file = "charset_normalizer-3.1.0-cp311-cp311-musllinux_1_1_x86_64.whl", hash = "sha256:cb7b2ab0188829593b9de646545175547a70d9a6e2b63bf2cd87a0a391599324"},
    {file = "charset_normalizer-3.1.0-cp311-cp311-win32.whl", hash = "sha256:c36bcbc0d5174a80d6cccf43a0ecaca44e81d25be4b7f90f0ed7bcfbb5a00909"},
    {file = "charset_normalizer-3.1.0-cp311-cp311-win_amd64.whl", hash = "sha256:cca4def576f47a09a943666b8f829606bcb17e2bc2d5911a46c8f8da45f56755"},
    {file = "charset_normalizer-3.1.0-cp37-cp37m-macosx_10_9_x86_64.whl", hash = "sha256:0c95f12b74681e9ae127728f7e5409cbbef9cd914d5896ef238cc779b8152373"},
    {file = "charset_normalizer-3.1.0-cp37-cp37m-manylinux_2_17_aarch64.manylinux2014_aarch64.whl", hash = "sha256:fca62a8301b605b954ad2e9c3666f9d97f63872aa4efcae5492baca2056b74ab"},
    {file = "charset_normalizer-3.1.0-cp37-cp37m-manylinux_2_17_ppc64le.manylinux2014_ppc64le.whl", hash = "sha256:ac0aa6cd53ab9a31d397f8303f92c42f534693528fafbdb997c82bae6e477ad9"},
    {file = "charset_normalizer-3.1.0-cp37-cp37m-manylinux_2_17_s390x.manylinux2014_s390x.whl", hash = "sha256:c3af8e0f07399d3176b179f2e2634c3ce9c1301379a6b8c9c9aeecd481da494f"},
    {file = "charset_normalizer-3.1.0-cp37-cp37m-manylinux_2_17_x86_64.manylinux2014_x86_64.whl", hash = "sha256:3a5fc78f9e3f501a1614a98f7c54d3969f3ad9bba8ba3d9b438c3bc5d047dd28"},
    {file = "charset_normalizer-3.1.0-cp37-cp37m-manylinux_2_5_i686.manylinux1_i686.manylinux_2_17_i686.manylinux2014_i686.whl", hash = "sha256:628c985afb2c7d27a4800bfb609e03985aaecb42f955049957814e0491d4006d"},
    {file = "charset_normalizer-3.1.0-cp37-cp37m-musllinux_1_1_aarch64.whl", hash = "sha256:74db0052d985cf37fa111828d0dd230776ac99c740e1a758ad99094be4f1803d"},
    {file = "charset_normalizer-3.1.0-cp37-cp37m-musllinux_1_1_i686.whl", hash = "sha256:1e8fcdd8f672a1c4fc8d0bd3a2b576b152d2a349782d1eb0f6b8e52e9954731d"},
    {file = "charset_normalizer-3.1.0-cp37-cp37m-musllinux_1_1_ppc64le.whl", hash = "sha256:04afa6387e2b282cf78ff3dbce20f0cc071c12dc8f685bd40960cc68644cfea6"},
    {file = "charset_normalizer-3.1.0-cp37-cp37m-musllinux_1_1_s390x.whl", hash = "sha256:dd5653e67b149503c68c4018bf07e42eeed6b4e956b24c00ccdf93ac79cdff84"},
    {file = "charset_normalizer-3.1.0-cp37-cp37m-musllinux_1_1_x86_64.whl", hash = "sha256:d2686f91611f9e17f4548dbf050e75b079bbc2a82be565832bc8ea9047b61c8c"},
    {file = "charset_normalizer-3.1.0-cp37-cp37m-win32.whl", hash = "sha256:4155b51ae05ed47199dc5b2a4e62abccb274cee6b01da5b895099b61b1982974"},
    {file = "charset_normalizer-3.1.0-cp37-cp37m-win_amd64.whl", hash = "sha256:322102cdf1ab682ecc7d9b1c5eed4ec59657a65e1c146a0da342b78f4112db23"},
    {file = "charset_normalizer-3.1.0-cp38-cp38-macosx_10_9_universal2.whl", hash = "sha256:e633940f28c1e913615fd624fcdd72fdba807bf53ea6925d6a588e84e1151531"},
    {file = "charset_normalizer-3.1.0-cp38-cp38-macosx_10_9_x86_64.whl", hash = "sha256:3a06f32c9634a8705f4ca9946d667609f52cf130d5548881401f1eb2c39b1e2c"},
    {file = "charset_normalizer-3.1.0-cp38-cp38-macosx_11_0_arm64.whl", hash = "sha256:7381c66e0561c5757ffe616af869b916c8b4e42b367ab29fedc98481d1e74e14"},
    {file = "charset_normalizer-3.1.0-cp38-cp38-manylinux_2_17_aarch64.manylinux2014_aarch64.whl", hash = "sha256:3573d376454d956553c356df45bb824262c397c6e26ce43e8203c4c540ee0acb"},
    {file = "charset_normalizer-3.1.0-cp38-cp38-manylinux_2_17_ppc64le.manylinux2014_ppc64le.whl", hash = "sha256:e89df2958e5159b811af9ff0f92614dabf4ff617c03a4c1c6ff53bf1c399e0e1"},
    {file = "charset_normalizer-3.1.0-cp38-cp38-manylinux_2_17_s390x.manylinux2014_s390x.whl", hash = "sha256:78cacd03e79d009d95635e7d6ff12c21eb89b894c354bd2b2ed0b4763373693b"},
    {file = "charset_normalizer-3.1.0-cp38-cp38-manylinux_2_17_x86_64.manylinux2014_x86_64.whl", hash = "sha256:de5695a6f1d8340b12a5d6d4484290ee74d61e467c39ff03b39e30df62cf83a0"},
    {file = "charset_normalizer-3.1.0-cp38-cp38-manylinux_2_5_i686.manylinux1_i686.manylinux_2_17_i686.manylinux2014_i686.whl", hash = "sha256:1c60b9c202d00052183c9be85e5eaf18a4ada0a47d188a83c8f5c5b23252f649"},
    {file = "charset_normalizer-3.1.0-cp38-cp38-musllinux_1_1_aarch64.whl", hash = "sha256:f645caaf0008bacf349875a974220f1f1da349c5dbe7c4ec93048cdc785a3326"},
    {file = "charset_normalizer-3.1.0-cp38-cp38-musllinux_1_1_i686.whl", hash = "sha256:ea9f9c6034ea2d93d9147818f17c2a0860d41b71c38b9ce4d55f21b6f9165a11"},
    {file = "charset_normalizer-3.1.0-cp38-cp38-musllinux_1_1_ppc64le.whl", hash = "sha256:80d1543d58bd3d6c271b66abf454d437a438dff01c3e62fdbcd68f2a11310d4b"},
    {file = "charset_normalizer-3.1.0-cp38-cp38-musllinux_1_1_s390x.whl", hash = "sha256:73dc03a6a7e30b7edc5b01b601e53e7fc924b04e1835e8e407c12c037e81adbd"},
    {file = "charset_normalizer-3.1.0-cp38-cp38-musllinux_1_1_x86_64.whl", hash = "sha256:6f5c2e7bc8a4bf7c426599765b1bd33217ec84023033672c1e9a8b35eaeaaaf8"},
    {file = "charset_normalizer-3.1.0-cp38-cp38-win32.whl", hash = "sha256:12a2b561af122e3d94cdb97fe6fb2bb2b82cef0cdca131646fdb940a1eda04f0"},
    {file = "charset_normalizer-3.1.0-cp38-cp38-win_amd64.whl", hash = "sha256:3160a0fd9754aab7d47f95a6b63ab355388d890163eb03b2d2b87ab0a30cfa59"},
    {file = "charset_normalizer-3.1.0-cp39-cp39-macosx_10_9_universal2.whl", hash = "sha256:38e812a197bf8e71a59fe55b757a84c1f946d0ac114acafaafaf21667a7e169e"},
    {file = "charset_normalizer-3.1.0-cp39-cp39-macosx_10_9_x86_64.whl", hash = "sha256:6baf0baf0d5d265fa7944feb9f7451cc316bfe30e8df1a61b1bb08577c554f31"},
    {file = "charset_normalizer-3.1.0-cp39-cp39-macosx_11_0_arm64.whl", hash = "sha256:8f25e17ab3039b05f762b0a55ae0b3632b2e073d9c8fc88e89aca31a6198e88f"},
    {file = "charset_normalizer-3.1.0-cp39-cp39-manylinux_2_17_aarch64.manylinux2014_aarch64.whl", hash = "sha256:3747443b6a904001473370d7810aa19c3a180ccd52a7157aacc264a5ac79265e"},
    {file = "charset_normalizer-3.1.0-cp39-cp39-manylinux_2_17_ppc64le.manylinux2014_ppc64le.whl", hash = "sha256:b116502087ce8a6b7a5f1814568ccbd0e9f6cfd99948aa59b0e241dc57cf739f"},
    {file = "charset_normalizer-3.1.0-cp39-cp39-manylinux_2_17_s390x.manylinux2014_s390x.whl", hash = "sha256:d16fd5252f883eb074ca55cb622bc0bee49b979ae4e8639fff6ca3ff44f9f854"},
    {file = "charset_normalizer-3.1.0-cp39-cp39-manylinux_2_17_x86_64.manylinux2014_x86_64.whl", hash = "sha256:21fa558996782fc226b529fdd2ed7866c2c6ec91cee82735c98a197fae39f706"},
    {file = "charset_normalizer-3.1.0-cp39-cp39-manylinux_2_5_i686.manylinux1_i686.manylinux_2_17_i686.manylinux2014_i686.whl", hash = "sha256:6f6c7a8a57e9405cad7485f4c9d3172ae486cfef1344b5ddd8e5239582d7355e"},
    {file = "charset_normalizer-3.1.0-cp39-cp39-musllinux_1_1_aarch64.whl", hash = "sha256:ac3775e3311661d4adace3697a52ac0bab17edd166087d493b52d4f4f553f9f0"},
    {file = "charset_normalizer-3.1.0-cp39-cp39-musllinux_1_1_i686.whl", hash = "sha256:10c93628d7497c81686e8e5e557aafa78f230cd9e77dd0c40032ef90c18f2230"},
    {file = "charset_normalizer-3.1.0-cp39-cp39-musllinux_1_1_ppc64le.whl", hash = "sha256:6f4f4668e1831850ebcc2fd0b1cd11721947b6dc7c00bf1c6bd3c929ae14f2c7"},
    {file = "charset_normalizer-3.1.0-cp39-cp39-musllinux_1_1_s390x.whl", hash = "sha256:0be65ccf618c1e7ac9b849c315cc2e8a8751d9cfdaa43027d4f6624bd587ab7e"},
    {file = "charset_normalizer-3.1.0-cp39-cp39-musllinux_1_1_x86_64.whl", hash = "sha256:53d0a3fa5f8af98a1e261de6a3943ca631c526635eb5817a87a59d9a57ebf48f"},
    {file = "charset_normalizer-3.1.0-cp39-cp39-win32.whl", hash = "sha256:a04f86f41a8916fe45ac5024ec477f41f886b3c435da2d4e3d2709b22ab02af1"},
    {file = "charset_normalizer-3.1.0-cp39-cp39-win_amd64.whl", hash = "sha256:830d2948a5ec37c386d3170c483063798d7879037492540f10a475e3fd6f244b"},
    {file = "charset_normalizer-3.1.0-py3-none-any.whl", hash = "sha256:3d9098b479e78c85080c98e1e35ff40b4a31d8953102bb0fd7d1b6f8a2111a3d"},
]

[[package]]
name = "cx-freeze"
version = "6.15.0"
description = "Create standalone executables from Python scripts"
category = "main"
optional = false
python-versions = ">=3.7.4"
files = [
    {file = "cx_Freeze-6.15.0-cp310-cp310-macosx_10_9_universal2.whl", hash = "sha256:ac07a0baf0035e0d0329b8c7719ed12be9006fc9a7a79d110a1ee4c1a4ce6d69"},
    {file = "cx_Freeze-6.15.0-cp310-cp310-macosx_10_9_x86_64.whl", hash = "sha256:24abc4b25af3a6dc759472b23ab0c1ef649070ba682314d77180f15024373268"},
    {file = "cx_Freeze-6.15.0-cp310-cp310-macosx_11_0_arm64.whl", hash = "sha256:60ed86a2f6e6150de9e2a456b2850fa8305b3b10769796a3167f6843eaa4a1ea"},
    {file = "cx_Freeze-6.15.0-cp310-cp310-manylinux_2_17_aarch64.manylinux2014_aarch64.whl", hash = "sha256:229e44ff29b76e60ed51a3d8e3286d6f872d2b56c850a6a0ec2778f48d518609"},
    {file = "cx_Freeze-6.15.0-cp310-cp310-manylinux_2_17_x86_64.manylinux2014_x86_64.whl", hash = "sha256:ba35d5590f61249ab04a313230d6d12afc10fba0a60e6a221b6e9026ce822f02"},
    {file = "cx_Freeze-6.15.0-cp310-cp310-musllinux_1_1_aarch64.whl", hash = "sha256:aa0233725f6fa586bc2dc8cd352c435d19718f75ee5699046f0065ccf70d4e95"},
    {file = "cx_Freeze-6.15.0-cp310-cp310-musllinux_1_1_x86_64.whl", hash = "sha256:c6b0243ff8b7c127ea0d4797ef04a8548d433a41d7a6bdd5b3674eb710c0aded"},
    {file = "cx_Freeze-6.15.0-cp310-cp310-win32.whl", hash = "sha256:2cb9fd359b9427278c825874323053a21f6a74b86ab6f722b1bca6a424b87a34"},
    {file = "cx_Freeze-6.15.0-cp310-cp310-win_amd64.whl", hash = "sha256:7e8fb2b8409b2715ecca3efcd644a0f57a4ed531636c875dcb0b99aca03a9b84"},
    {file = "cx_Freeze-6.15.0-cp311-cp311-macosx_10_9_universal2.whl", hash = "sha256:67b05188fd83ab03687cbfdd652b76b2e09587f7256125c0a8bf8e6dcb7591c1"},
    {file = "cx_Freeze-6.15.0-cp311-cp311-macosx_10_9_x86_64.whl", hash = "sha256:af9f9af17c502df492841dfaa410ce2e59d27acbe0554ae9278919da22a5f1c6"},
    {file = "cx_Freeze-6.15.0-cp311-cp311-macosx_11_0_arm64.whl", hash = "sha256:4e89eb2cf2570a7aa9b5ee5fabc226b48e710f673f923c21bb8363e08a7e0bfb"},
    {file = "cx_Freeze-6.15.0-cp311-cp311-manylinux_2_17_aarch64.manylinux2014_aarch64.whl", hash = "sha256:65a7985189b167014af4e2e9b62a7831dc55c2e5d49ad61301f82525738356f1"},
    {file = "cx_Freeze-6.15.0-cp311-cp311-manylinux_2_17_x86_64.manylinux2014_x86_64.whl", hash = "sha256:a1c2a8b0d8cc66a829f1e56a6d8c9f5763e1d7cc357fb96388460f296286b349"},
    {file = "cx_Freeze-6.15.0-cp311-cp311-musllinux_1_1_aarch64.whl", hash = "sha256:938b2695f86233e10c5bd7649d1e1b94ee2a36e0e45ec261a73206b30194ac0a"},
    {file = "cx_Freeze-6.15.0-cp311-cp311-musllinux_1_1_x86_64.whl", hash = "sha256:4538bd43b293cd7601a44120bbd14f5ceb8566652803739157a3f4b9df636db0"},
    {file = "cx_Freeze-6.15.0-cp311-cp311-win32.whl", hash = "sha256:8dad161b00b50d06a676075612ac630fe652398c3ae17c0a010c7adbfcebce06"},
    {file = "cx_Freeze-6.15.0-cp311-cp311-win_amd64.whl", hash = "sha256:8697e9fa46c0fff18b2468db08683818d70b1874a484fc3c2aa6faa77c6ca1d7"},
    {file = "cx_Freeze-6.15.0-cp37-cp37m-macosx_10_9_x86_64.whl", hash = "sha256:b15cee7cb87694a3112174659a2abc7c4d206131122f157bb1a358712c0ea987"},
    {file = "cx_Freeze-6.15.0-cp37-cp37m-manylinux_2_17_aarch64.manylinux2014_aarch64.whl", hash = "sha256:2f34e7e3ee0af03f57c263c671eabead9881302c99f4dd9c2229d5ab1cd69bbb"},
    {file = "cx_Freeze-6.15.0-cp37-cp37m-manylinux_2_17_x86_64.manylinux2014_x86_64.whl", hash = "sha256:9175fd0dee12f54d71d93461464db82fef51027bb69f887c0b80d3068ee2461b"},
    {file = "cx_Freeze-6.15.0-cp37-cp37m-musllinux_1_1_aarch64.whl", hash = "sha256:624c3b171b56a15e389b65018f9d6ad5497b8068da02bacfcc74ea3fbce1b61d"},
    {file = "cx_Freeze-6.15.0-cp37-cp37m-musllinux_1_1_x86_64.whl", hash = "sha256:3e8c00d79c4963d68a009a47b3984b322e64c05a0b4aa936804f2e573c045a34"},
    {file = "cx_Freeze-6.15.0-cp37-cp37m-win32.whl", hash = "sha256:174449b685b641c84c456038fc1a3b4e860294ea349c549bb7a23f1f7bf18ae0"},
    {file = "cx_Freeze-6.15.0-cp37-cp37m-win_amd64.whl", hash = "sha256:855d02e80163cc6614f92acf861f8ef24cb0df5fd1c5d23a319b95f89ad52347"},
    {file = "cx_Freeze-6.15.0-cp38-cp38-macosx_10_9_x86_64.whl", hash = "sha256:78a9a785a4c1034bbd035f0e6698b725c0e0f36f7b221c2353e9f9cf3cfdb5cb"},
    {file = "cx_Freeze-6.15.0-cp38-cp38-manylinux_2_17_aarch64.manylinux2014_aarch64.whl", hash = "sha256:5e8de987aa49a5733064846d04359f10a6abd46003be2a94989a2da56c70ec97"},
    {file = "cx_Freeze-6.15.0-cp38-cp38-manylinux_2_17_x86_64.manylinux2014_x86_64.whl", hash = "sha256:86def06eed007a092c0b335d77cab512b36c26ba68db79462ce9865cafd399c1"},
    {file = "cx_Freeze-6.15.0-cp38-cp38-musllinux_1_1_aarch64.whl", hash = "sha256:f770f7790738409e5f2c877ef209d98cfa50c7b25a273ac85aff088329076898"},
    {file = "cx_Freeze-6.15.0-cp38-cp38-musllinux_1_1_x86_64.whl", hash = "sha256:ba6204b4058e5954e96eec9b1f0364ee1e832ae466bf705719892d62e3aeb74d"},
    {file = "cx_Freeze-6.15.0-cp38-cp38-win32.whl", hash = "sha256:5d86c7d08ddd3cafbca29c7b4ca64276c6ab0abe2cdd582758dbe43fb757f2de"},
    {file = "cx_Freeze-6.15.0-cp38-cp38-win_amd64.whl", hash = "sha256:9764fd8404b2ef07bd298cc93c7adb3a463941ed82ad2475df6f210347a4a33b"},
    {file = "cx_Freeze-6.15.0-cp39-cp39-macosx_10_9_universal2.whl", hash = "sha256:e276b1c35efd859c047140e067046734fd23429e8f153bce9d084c27c008540f"},
    {file = "cx_Freeze-6.15.0-cp39-cp39-macosx_10_9_x86_64.whl", hash = "sha256:c85bfe14ce64f190baa1df55ea59cc538f3aaef6389b654746b195ee25b69442"},
    {file = "cx_Freeze-6.15.0-cp39-cp39-macosx_11_0_arm64.whl", hash = "sha256:93e89f8831fce12162c45959899e69f26c6511a2e2f77d72867765f17902ef31"},
    {file = "cx_Freeze-6.15.0-cp39-cp39-manylinux_2_17_aarch64.manylinux2014_aarch64.whl", hash = "sha256:1980034ce36c019c7cb7aeae43fbc16faaac86d6b07fbd92d2692787574e924d"},
    {file = "cx_Freeze-6.15.0-cp39-cp39-manylinux_2_17_x86_64.manylinux2014_x86_64.whl", hash = "sha256:743a6c3981cc784dfed14f7acbcdc8e59ba8526b958513c244c54e770d976317"},
    {file = "cx_Freeze-6.15.0-cp39-cp39-musllinux_1_1_aarch64.whl", hash = "sha256:543e0c05fbc0a03aaa8b56a3e67bea1da800aa54cd9363d20db048e0afa1ade6"},
    {file = "cx_Freeze-6.15.0-cp39-cp39-musllinux_1_1_x86_64.whl", hash = "sha256:cbc6185d9eecf889888ad44677cc07f87342836c98129901dd0d070ec2b03dab"},
    {file = "cx_Freeze-6.15.0-cp39-cp39-win32.whl", hash = "sha256:82739ed7ed1204c80ad47b3bfea952db5d72239951d7ad13300243f29b29db71"},
    {file = "cx_Freeze-6.15.0-cp39-cp39-win_amd64.whl", hash = "sha256:9e4aedf3c540e4e0195094c6c76465f64077ba17bd0a9b47f217869e87b27200"},
    {file = "cx_Freeze-6.15.0.tar.gz", hash = "sha256:4747af12796a6e083c0cf095581b7f84b81d7286b4930777dbf688ca0a2c9898"},
]

[package.dependencies]
cx-Logging = {version = ">=3.1", markers = "sys_platform == \"win32\""}
lief = {version = ">=0.12.0", markers = "sys_platform == \"win32\""}
patchelf = [
    {version = ">=0.14", markers = "sys_platform == \"linux\" and platform_machine == \"aarch64\" or sys_platform == \"linux\" and platform_machine == \"i686\" or sys_platform == \"linux\" and platform_machine == \"ppc64le\" or sys_platform == \"linux\" and platform_machine == \"s390x\" or sys_platform == \"linux\" and platform_machine == \"x86_64\""},
    {version = ">=0.17.2.1", markers = "sys_platform == \"linux\" and platform_machine == \"armv7l\""},
]
setuptools = ">=62.6,<68"

[package.extras]
dev = ["bump2version (==1.0.1)", "cibuildwheel (==2.12.3)", "pre-commit (>=2.21.0)", "pylint (==2.17.4)", "wheel (==0.40.0)"]
doc = ["furo (==2023.3.27)", "sphinx (==5.3.0)", "sphinx-tabs (==3.4.1)"]
test = ["nose (==1.3.7)", "pygments (==2.15.1)", "pytest (==7.3.1)", "pytest-cov (==4.0.0)", "pytest-mock (==3.10.0)", "pytest-timeout (==2.1.0)"]

[[package]]
name = "cx-logging"
version = "3.1.0"
description = "Python and C interfaces for logging"
category = "main"
optional = false
python-versions = ">=3.7"
files = [
    {file = "cx_Logging-3.1.0-cp310-cp310-manylinux_2_17_aarch64.manylinux2014_aarch64.whl", hash = "sha256:9d6aee2d91d4abeafa8ae1a5cacdcc363031ab6e69a3c5b221b294f5b94b0830"},
    {file = "cx_Logging-3.1.0-cp310-cp310-manylinux_2_17_x86_64.manylinux2014_x86_64.whl", hash = "sha256:f7f2d686ca7347e14d248e4f57279b9340b305f86888806313111ab7964835f4"},
    {file = "cx_Logging-3.1.0-cp310-cp310-win32.whl", hash = "sha256:93ee6c9109d129f63344aa9da10dfc6c0d2ac3b2656599a4f884bf482c1fd2f6"},
    {file = "cx_Logging-3.1.0-cp310-cp310-win_amd64.whl", hash = "sha256:7d69b2986e53f8f14d6fcd1614472f378edf63eea6c71c04d42cb215f7012717"},
    {file = "cx_Logging-3.1.0-cp311-cp311-manylinux_2_17_aarch64.manylinux2014_aarch64.whl", hash = "sha256:4e16a66e8ce16b28a79c9dcf9bda2f36297bd552ec7d9a80cc70e19970d49460"},
    {file = "cx_Logging-3.1.0-cp311-cp311-manylinux_2_17_x86_64.manylinux2014_x86_64.whl", hash = "sha256:564bea49c30342478ff2301c39a61c47c926e01146052b2a505ac11896ef51d2"},
    {file = "cx_Logging-3.1.0-cp311-cp311-win32.whl", hash = "sha256:cfd260cd431f2087cac2a9bfb738c2e428eb30e2b85ba0e0bce8dde2cb4843eb"},
    {file = "cx_Logging-3.1.0-cp311-cp311-win_amd64.whl", hash = "sha256:c61388bd9410817839187dab602f47d307f3f58df2dd11fb698cd321b8b48985"},
    {file = "cx_Logging-3.1.0-cp37-cp37m-manylinux_2_17_aarch64.manylinux2014_aarch64.whl", hash = "sha256:1937991c2daab59ced3bf8f52b1052b0157c0c30f229aa87bd384ab18dc8d1f3"},
    {file = "cx_Logging-3.1.0-cp37-cp37m-manylinux_2_17_x86_64.manylinux2014_x86_64.whl", hash = "sha256:8129e2d6bbff03fa7b09e9b587a5aed178fa16032508bae0f4db7e933fb43d08"},
    {file = "cx_Logging-3.1.0-cp37-cp37m-win32.whl", hash = "sha256:80aac0557464995780769535edf8057bab79a54cb4126363a7134b4ae38d25a3"},
    {file = "cx_Logging-3.1.0-cp37-cp37m-win_amd64.whl", hash = "sha256:ce9a37ab15890a87d144a7206c30d16192b67e63e8e52f02c579daa72a10767e"},
    {file = "cx_Logging-3.1.0-cp38-cp38-manylinux_2_17_aarch64.manylinux2014_aarch64.whl", hash = "sha256:8040a77b922eacd342d2dc0804a06425d772cf9cde61dd4c01e61aaaf9189f9f"},
    {file = "cx_Logging-3.1.0-cp38-cp38-manylinux_2_17_x86_64.manylinux2014_x86_64.whl", hash = "sha256:3accfa4ae945c3f65d7fc830058272e263b27e09672539d8dc2ed190a07be99e"},
    {file = "cx_Logging-3.1.0-cp38-cp38-win32.whl", hash = "sha256:ae6d01072625de14584e79af4aade249b3b7080e90a3df6b47ada72b0ecd8b79"},
    {file = "cx_Logging-3.1.0-cp38-cp38-win_amd64.whl", hash = "sha256:10fca1790e3467548472987e1a39379a96b93da09bdc1b64b3075605d473aaf6"},
    {file = "cx_Logging-3.1.0-cp39-cp39-manylinux_2_17_aarch64.manylinux2014_aarch64.whl", hash = "sha256:78b82737e589d5805b044a64afa8d2782a388a42898af084c6ab76153bc531fb"},
    {file = "cx_Logging-3.1.0-cp39-cp39-manylinux_2_17_x86_64.manylinux2014_x86_64.whl", hash = "sha256:82fc9cd57a4c151856759d76b9e44700913de60d6b97d661000577dad89f383b"},
    {file = "cx_Logging-3.1.0-cp39-cp39-win32.whl", hash = "sha256:a98781f59652c58b0648a835b5f5a9cfcdc90957283818d1babf98aed3a5e28f"},
    {file = "cx_Logging-3.1.0-cp39-cp39-win_amd64.whl", hash = "sha256:8a1548d8339baf54c7f1f372e68d381be7ce3e9506f2aa0987e88670a446a773"},
    {file = "cx_Logging-3.1.0.tar.gz", hash = "sha256:8a06834d8527aa904a68b25c9c1a5fa09f0dfdc94dbd9f86b81cd8d2f7a0e487"},
]

[[package]]
name = "cx-oracle"
version = "8.3.0"
description = "Python interface to Oracle"
category = "main"
optional = false
python-versions = "*"
files = [
    {file = "cx_Oracle-8.3.0-cp310-cp310-manylinux_2_5_x86_64.manylinux1_x86_64.manylinux_2_12_x86_64.manylinux2010_x86_64.whl", hash = "sha256:b6a23da225f03f50a81980c61dbd6a358c3575f212ca7f4c22bb65a9faf94f7f"},
    {file = "cx_Oracle-8.3.0-cp310-cp310-win32.whl", hash = "sha256:715a8bbda5982af484ded14d184304cc552c1096c82471dd2948298470e88a04"},
    {file = "cx_Oracle-8.3.0-cp310-cp310-win_amd64.whl", hash = "sha256:07f01608dfb6603a8f2a868fc7c7bdc951480f187df8dbc50f4d48c884874e6a"},
    {file = "cx_Oracle-8.3.0-cp36-cp36m-manylinux_2_5_x86_64.manylinux1_x86_64.manylinux_2_12_x86_64.manylinux2010_x86_64.whl", hash = "sha256:4b3afe7a911cebaceda908228d36839f6441cbd38e5df491ec25960562bb01a0"},
    {file = "cx_Oracle-8.3.0-cp36-cp36m-win32.whl", hash = "sha256:076ffb71279d6b2dcbf7df028f62a01e18ce5bb73d8b01eab582bf14a62f4a61"},
    {file = "cx_Oracle-8.3.0-cp36-cp36m-win_amd64.whl", hash = "sha256:b82e4b165ffd807a2bd256259a6b81b0a2452883d39f987509e2292d494ea163"},
    {file = "cx_Oracle-8.3.0-cp37-cp37m-manylinux_2_5_x86_64.manylinux1_x86_64.manylinux_2_12_x86_64.manylinux2010_x86_64.whl", hash = "sha256:b902db61dcdcbbf8dd981f5a46d72fef40c5150c7fc0eb0f0698b462d6eb834e"},
    {file = "cx_Oracle-8.3.0-cp37-cp37m-win32.whl", hash = "sha256:4c82ca74442c298ceec56d207450c192e06ecf8ad52eb4aaad0812e147ceabf7"},
    {file = "cx_Oracle-8.3.0-cp37-cp37m-win_amd64.whl", hash = "sha256:54164974d526b76fdefb0b66a42b68e1fca5df78713d0eeb8c1d0047b83f6bcf"},
    {file = "cx_Oracle-8.3.0-cp38-cp38-manylinux_2_5_x86_64.manylinux1_x86_64.manylinux_2_12_x86_64.manylinux2010_x86_64.whl", hash = "sha256:410747d542e5f94727f5f0e42e9706c772cf9094fb348ce965ab88b3a9e4d2d8"},
    {file = "cx_Oracle-8.3.0-cp38-cp38-win32.whl", hash = "sha256:3baa878597c5fadb2c72f359f548431c7be001e722ce4a4ebdf3d2293a1bb70b"},
    {file = "cx_Oracle-8.3.0-cp38-cp38-win_amd64.whl", hash = "sha256:de42bdc882abdc5cea54597da27a05593b44143728e5b629ad5d35decb1a2036"},
    {file = "cx_Oracle-8.3.0-cp39-cp39-manylinux_2_5_x86_64.manylinux1_x86_64.manylinux_2_12_x86_64.manylinux2010_x86_64.whl", hash = "sha256:df412238a9948340591beee9ec64fa62a2efacc0d91107034a7023e2991fba97"},
    {file = "cx_Oracle-8.3.0-cp39-cp39-win32.whl", hash = "sha256:70d3cf030aefd71f99b45beba77237b2af448adf5e26be0db3d0d3dee6ea4230"},
    {file = "cx_Oracle-8.3.0-cp39-cp39-win_amd64.whl", hash = "sha256:bf01ce87edb4ef663b2e5bd604e1e0154d2cc2f12b60301f788b569d9db8a900"},
    {file = "cx_Oracle-8.3.0.tar.gz", hash = "sha256:3b2d215af4441463c97ea469b9cc307460739f89fdfa8ea222ea3518f1a424d9"},
]

[[package]]
name = "idna"
version = "3.4"
description = "Internationalized Domain Names in Applications (IDNA)"
category = "main"
optional = false
python-versions = ">=3.5"
files = [
    {file = "idna-3.4-py3-none-any.whl", hash = "sha256:90b77e79eaa3eba6de819a0c442c0b4ceefc341a7a2ab77d7562bf49f425c5c2"},
    {file = "idna-3.4.tar.gz", hash = "sha256:814f528e8dead7d329833b91c5faa87d60bf71824cd12a7530b5526063d02cb4"},
]

[[package]]
name = "lief"
version = "0.13.0"
description = "Library to instrument executable formats"
category = "main"
optional = false
python-versions = ">=3.8"
files = [
    {file = "lief-0.13.0-cp310-cp310-macosx_10_14_x86_64.whl", hash = "sha256:e573bf1e37cd580ef87243d0dc48d5c56d535b84a8c91b9fa28f9631643cdc51"},
    {file = "lief-0.13.0-cp310-cp310-macosx_11_0_arm64.whl", hash = "sha256:c49aa1e573ddf7d9946d9779b5f4edad782976368c15094c6a815533fc1b50fd"},
    {file = "lief-0.13.0-cp310-cp310-manylinux2014_aarch64.whl", hash = "sha256:0740eb7b2093ed82570315d614671ad69cc21a062d73e9213a263eec7c11dc3a"},
    {file = "lief-0.13.0-cp310-cp310-manylinux_2_24_x86_64.whl", hash = "sha256:c072929606f621697c9da2fabefccf8dac47a4283b8988ae9b3f6ca332352d66"},
    {file = "lief-0.13.0-cp310-cp310-win32.whl", hash = "sha256:6c74fe1684f859a041408d6fc4c6262686bfb74d64afe38f7373c173fd144ac5"},
    {file = "lief-0.13.0-cp310-cp310-win_amd64.whl", hash = "sha256:9f562a07f6fc4dc7958943fe840755932ffaf10da500ab1a537004ab61f6d3de"},
    {file = "lief-0.13.0-cp311-cp311-macosx_10_14_x86_64.whl", hash = "sha256:8740abb2c0fb38a5040f4559a3766b724228a97155e92aa8cc8fa01bef1cea83"},
    {file = "lief-0.13.0-cp311-cp311-macosx_11_0_arm64.whl", hash = "sha256:9daf09130edf02ca47b76f0b98390aa618b3d3bbc9c0588250b738ef50f4a539"},
    {file = "lief-0.13.0-cp311-cp311-manylinux2014_aarch64.whl", hash = "sha256:41ad87a7233927fef40c6b7e60684b962e623ef21d28be3528c9bd943be710b7"},
    {file = "lief-0.13.0-cp311-cp311-manylinux_2_24_x86_64.whl", hash = "sha256:cacf8097970ddd5bbb82a6ad5c02f0423767300a3457d84566643cf3c4d7a69f"},
    {file = "lief-0.13.0-cp311-cp311-win32.whl", hash = "sha256:07986f0991e1f942d4a277e4b15fe37dbc5b2a54c3baf2a58e719d9b258ce810"},
    {file = "lief-0.13.0-cp311-cp311-win_amd64.whl", hash = "sha256:31825961aa778481e483dcb081a40daec3dfa78ca8b2a4acefc32040ce4886ad"},
    {file = "lief-0.13.0-cp38-cp38-macosx_10_14_x86_64.whl", hash = "sha256:c91e389604f4689d1de712b003d0df2ff9d3f47fd71e1bd4f1b36692a34ed97d"},
    {file = "lief-0.13.0-cp38-cp38-manylinux2014_aarch64.whl", hash = "sha256:379201222ba63ac62399eabe7c97de0bbe5736f2f72c000cc224ebe6724b4bab"},
    {file = "lief-0.13.0-cp38-cp38-manylinux_2_24_x86_64.whl", hash = "sha256:e1b292730658941035ea997de0fd6bd65393c660fe3a2afb53d737e6c4a156e4"},
    {file = "lief-0.13.0-cp38-cp38-win32.whl", hash = "sha256:e744f3523913a1101af34c71e1c10a14a5c50eaaf054a53d469df19070e980d6"},
    {file = "lief-0.13.0-cp38-cp38-win_amd64.whl", hash = "sha256:e15fabc5c86ebad7300c8eed1dcecb0a20e9fd4669b304192625edbb34b6e7f3"},
    {file = "lief-0.13.0-cp39-cp39-macosx_10_14_x86_64.whl", hash = "sha256:15c3e128d8c4ef9ba0f2d890003836e874ab285c5c09139df73fa4aef8abe70d"},
    {file = "lief-0.13.0-cp39-cp39-macosx_11_0_arm64.whl", hash = "sha256:f453f70c3c19f1d24008ae7d2aee4de3b2d73d095b99db78a062288c7ff6232b"},
    {file = "lief-0.13.0-cp39-cp39-manylinux2014_aarch64.whl", hash = "sha256:456e162c5cf518b34763f1a3c849a4af0a16d6b603729930064679b2756e8710"},
    {file = "lief-0.13.0-cp39-cp39-manylinux_2_24_x86_64.whl", hash = "sha256:28e15c164f49e66a6a876a12662414592f43444175d4fa9aad8d55654f4515af"},
    {file = "lief-0.13.0-cp39-cp39-win32.whl", hash = "sha256:2cfd8496ac85b64569a07f4cdd1e7424039e24113bdebc9ecc99694a8cf856f7"},
    {file = "lief-0.13.0-cp39-cp39-win_amd64.whl", hash = "sha256:70b08135413abe034e11c7c931de29be3e1902dde717c0681623da4fa18a3714"},
]

[[package]]
name = "numpy"
version = "1.24.3"
description = "Fundamental package for array computing in Python"
category = "main"
optional = false
python-versions = ">=3.8"
files = [
    {file = "numpy-1.24.3-cp310-cp310-macosx_10_9_x86_64.whl", hash = "sha256:3c1104d3c036fb81ab923f507536daedc718d0ad5a8707c6061cdfd6d184e570"},
    {file = "numpy-1.24.3-cp310-cp310-macosx_11_0_arm64.whl", hash = "sha256:202de8f38fc4a45a3eea4b63e2f376e5f2dc64ef0fa692838e31a808520efaf7"},
    {file = "numpy-1.24.3-cp310-cp310-manylinux_2_17_aarch64.manylinux2014_aarch64.whl", hash = "sha256:8535303847b89aa6b0f00aa1dc62867b5a32923e4d1681a35b5eef2d9591a463"},
    {file = "numpy-1.24.3-cp310-cp310-manylinux_2_17_x86_64.manylinux2014_x86_64.whl", hash = "sha256:2d926b52ba1367f9acb76b0df6ed21f0b16a1ad87c6720a1121674e5cf63e2b6"},
    {file = "numpy-1.24.3-cp310-cp310-win32.whl", hash = "sha256:f21c442fdd2805e91799fbe044a7b999b8571bb0ab0f7850d0cb9641a687092b"},
    {file = "numpy-1.24.3-cp310-cp310-win_amd64.whl", hash = "sha256:ab5f23af8c16022663a652d3b25dcdc272ac3f83c3af4c02eb8b824e6b3ab9d7"},
    {file = "numpy-1.24.3-cp311-cp311-macosx_10_9_x86_64.whl", hash = "sha256:9a7721ec204d3a237225db3e194c25268faf92e19338a35f3a224469cb6039a3"},
    {file = "numpy-1.24.3-cp311-cp311-macosx_11_0_arm64.whl", hash = "sha256:d6cc757de514c00b24ae8cf5c876af2a7c3df189028d68c0cb4eaa9cd5afc2bf"},
    {file = "numpy-1.24.3-cp311-cp311-manylinux_2_17_aarch64.manylinux2014_aarch64.whl", hash = "sha256:76e3f4e85fc5d4fd311f6e9b794d0c00e7002ec122be271f2019d63376f1d385"},
    {file = "numpy-1.24.3-cp311-cp311-manylinux_2_17_x86_64.manylinux2014_x86_64.whl", hash = "sha256:a1d3c026f57ceaad42f8231305d4653d5f05dc6332a730ae5c0bea3513de0950"},
    {file = "numpy-1.24.3-cp311-cp311-win32.whl", hash = "sha256:c91c4afd8abc3908e00a44b2672718905b8611503f7ff87390cc0ac3423fb096"},
    {file = "numpy-1.24.3-cp311-cp311-win_amd64.whl", hash = "sha256:5342cf6aad47943286afa6f1609cad9b4266a05e7f2ec408e2cf7aea7ff69d80"},
    {file = "numpy-1.24.3-cp38-cp38-macosx_10_9_x86_64.whl", hash = "sha256:7776ea65423ca6a15255ba1872d82d207bd1e09f6d0894ee4a64678dd2204078"},
    {file = "numpy-1.24.3-cp38-cp38-macosx_11_0_arm64.whl", hash = "sha256:ae8d0be48d1b6ed82588934aaaa179875e7dc4f3d84da18d7eae6eb3f06c242c"},
    {file = "numpy-1.24.3-cp38-cp38-manylinux_2_17_aarch64.manylinux2014_aarch64.whl", hash = "sha256:ecde0f8adef7dfdec993fd54b0f78183051b6580f606111a6d789cd14c61ea0c"},
    {file = "numpy-1.24.3-cp38-cp38-manylinux_2_17_x86_64.manylinux2014_x86_64.whl", hash = "sha256:4749e053a29364d3452c034827102ee100986903263e89884922ef01a0a6fd2f"},
    {file = "numpy-1.24.3-cp38-cp38-win32.whl", hash = "sha256:d933fabd8f6a319e8530d0de4fcc2e6a61917e0b0c271fded460032db42a0fe4"},
    {file = "numpy-1.24.3-cp38-cp38-win_amd64.whl", hash = "sha256:56e48aec79ae238f6e4395886b5eaed058abb7231fb3361ddd7bfdf4eed54289"},
    {file = "numpy-1.24.3-cp39-cp39-macosx_10_9_x86_64.whl", hash = "sha256:4719d5aefb5189f50887773699eaf94e7d1e02bf36c1a9d353d9f46703758ca4"},
    {file = "numpy-1.24.3-cp39-cp39-macosx_11_0_arm64.whl", hash = "sha256:0ec87a7084caa559c36e0a2309e4ecb1baa03b687201d0a847c8b0ed476a7187"},
    {file = "numpy-1.24.3-cp39-cp39-manylinux_2_17_aarch64.manylinux2014_aarch64.whl", hash = "sha256:ea8282b9bcfe2b5e7d491d0bf7f3e2da29700cec05b49e64d6246923329f2b02"},
    {file = "numpy-1.24.3-cp39-cp39-manylinux_2_17_x86_64.manylinux2014_x86_64.whl", hash = "sha256:210461d87fb02a84ef243cac5e814aad2b7f4be953b32cb53327bb49fd77fbb4"},
    {file = "numpy-1.24.3-cp39-cp39-win32.whl", hash = "sha256:784c6da1a07818491b0ffd63c6bbe5a33deaa0e25a20e1b3ea20cf0e43f8046c"},
    {file = "numpy-1.24.3-cp39-cp39-win_amd64.whl", hash = "sha256:d5036197ecae68d7f491fcdb4df90082b0d4960ca6599ba2659957aafced7c17"},
    {file = "numpy-1.24.3-pp38-pypy38_pp73-macosx_10_9_x86_64.whl", hash = "sha256:352ee00c7f8387b44d19f4cada524586f07379c0d49270f87233983bc5087ca0"},
    {file = "numpy-1.24.3-pp38-pypy38_pp73-manylinux_2_17_x86_64.manylinux2014_x86_64.whl", hash = "sha256:1a7d6acc2e7524c9955e5c903160aa4ea083736fde7e91276b0e5d98e6332812"},
    {file = "numpy-1.24.3-pp38-pypy38_pp73-win_amd64.whl", hash = "sha256:35400e6a8d102fd07c71ed7dcadd9eb62ee9a6e84ec159bd48c28235bbb0f8e4"},
    {file = "numpy-1.24.3.tar.gz", hash = "sha256:ab344f1bf21f140adab8e47fdbc7c35a477dc01408791f8ba00d018dd0bc5155"},
]

[[package]]
name = "packaging"
version = "23.1"
description = "Core utilities for Python packages"
category = "main"
optional = false
python-versions = ">=3.7"
files = [
    {file = "packaging-23.1-py3-none-any.whl", hash = "sha256:994793af429502c4ea2ebf6bf664629d07c1a9fe974af92966e4b8d2df7edc61"},
    {file = "packaging-23.1.tar.gz", hash = "sha256:a392980d2b6cffa644431898be54b0045151319d1e7ec34f0cfed48767dd334f"},
]

[[package]]
name = "patchelf"
version = "0.17.2.1"
description = "A small utility to modify the dynamic linker and RPATH of ELF executables."
category = "main"
optional = false
python-versions = "*"
files = [
    {file = "patchelf-0.17.2.1-py2.py3-none-manylinux_2_17_aarch64.manylinux2014_aarch64.musllinux_1_1_aarch64.whl", hash = "sha256:fc329da0e8f628bd836dfb8eaf523547e342351fa8f739bf2b3fe4a6db5a297c"},
    {file = "patchelf-0.17.2.1-py2.py3-none-manylinux_2_17_armv7l.manylinux2014_armv7l.musllinux_1_1_armv7l.whl", hash = "sha256:ccb266a94edf016efe80151172c26cff8c2ec120a57a1665d257b0442784195d"},
    {file = "patchelf-0.17.2.1-py2.py3-none-manylinux_2_17_ppc64le.manylinux2014_ppc64le.musllinux_1_1_ppc64le.whl", hash = "sha256:f47b5bdd6885cfb20abdd14c707d26eb6f499a7f52e911865548d4aa43385502"},
    {file = "patchelf-0.17.2.1-py2.py3-none-manylinux_2_17_s390x.manylinux2014_s390x.musllinux_1_1_s390x.whl", hash = "sha256:a9e6ebb0874a11f7ed56d2380bfaa95f00612b23b15f896583da30c2059fcfa8"},
    {file = "patchelf-0.17.2.1-py2.py3-none-manylinux_2_5_i686.manylinux1_i686.musllinux_1_1_i686.whl", hash = "sha256:3c8d58f0e4c1929b1c7c45ba8da5a84a8f1aa6a82a46e1cfb2e44a4d40f350e5"},
    {file = "patchelf-0.17.2.1-py2.py3-none-manylinux_2_5_x86_64.manylinux1_x86_64.musllinux_1_1_x86_64.whl", hash = "sha256:d1a9bc0d4fd80c038523ebdc451a1cce75237cfcc52dbd1aca224578001d5927"},
    {file = "patchelf-0.17.2.1.tar.gz", hash = "sha256:a6eb0dd452ce4127d0d5e1eb26515e39186fa609364274bc1b0b77539cfa7031"},
]

[package.extras]
test = ["importlib-metadata", "pytest"]

[[package]]
name = "playsound"
version = "1.2.0"
description = "Pure Python, cross platform, single function module with no dependencies for playing sounds."
category = "main"
optional = false
python-versions = "*"
files = [
    {file = "playsound-1.2.0.tar.gz", hash = "sha256:427cc2c56946af70e3bcf09b86f5ee76ecb62e770e63b9a1a040a0b1b8a62dc0"},
]

[[package]]
name = "pyqt5"
version = "5.15.9"
description = "Python bindings for the Qt cross platform application toolkit"
category = "main"
optional = false
python-versions = ">=3.7"
files = [
    {file = "PyQt5-5.15.9-cp37-abi3-macosx_10_13_x86_64.whl", hash = "sha256:883ba5c8a348be78c8be6a3d3ba014c798e679503bce00d76c666c2dc6afe828"},
    {file = "PyQt5-5.15.9-cp37-abi3-manylinux_2_17_x86_64.whl", hash = "sha256:dd5ce10e79fbf1df29507d2daf99270f2057cdd25e4de6fbf2052b46c652e3a5"},
    {file = "PyQt5-5.15.9-cp37-abi3-win32.whl", hash = "sha256:e45c5cc15d4fd26ab5cb0e5cdba60691a3e9086411f8e3662db07a5a4222a696"},
    {file = "PyQt5-5.15.9-cp37-abi3-win_amd64.whl", hash = "sha256:e030d795df4cbbfcf4f38b18e2e119bcc9e177ef658a5094b87bb16cac0ce4c5"},
    {file = "PyQt5-5.15.9.tar.gz", hash = "sha256:dc41e8401a90dc3e2b692b411bd5492ab559ae27a27424eed4bd3915564ec4c0"},
]

[package.dependencies]
PyQt5-Qt5 = ">=5.15.2"
PyQt5-sip = ">=12.11,<13"

[[package]]
name = "pyqt5-qt5"
version = "5.15.2"
description = "The subset of a Qt installation needed by PyQt5."
category = "main"
optional = false
python-versions = "*"
files = [
    {file = "PyQt5_Qt5-5.15.2-py3-none-macosx_10_13_intel.whl", hash = "sha256:76980cd3d7ae87e3c7a33bfebfaee84448fd650bad6840471d6cae199b56e154"},
    {file = "PyQt5_Qt5-5.15.2-py3-none-manylinux2014_x86_64.whl", hash = "sha256:1988f364ec8caf87a6ee5d5a3a5210d57539988bf8e84714c7d60972692e2f4a"},
    {file = "PyQt5_Qt5-5.15.2-py3-none-win32.whl", hash = "sha256:9cc7a768b1921f4b982ebc00a318ccb38578e44e45316c7a4a850e953e1dd327"},
    {file = "PyQt5_Qt5-5.15.2-py3-none-win_amd64.whl", hash = "sha256:750b78e4dba6bdf1607febedc08738e318ea09e9b10aea9ff0d73073f11f6962"},
]

[[package]]
name = "pyqt5-sip"
version = "12.12.1"
description = "The sip module support for PyQt5"
category = "main"
optional = false
python-versions = ">=3.7"
files = [
    {file = "PyQt5_sip-12.12.1-cp310-cp310-macosx_10_9_universal2.whl", hash = "sha256:7ed598ff1b666f9e5e0214be7840f308f8fb347fe416a2a45fbedab046a7120b"},
    {file = "PyQt5_sip-12.12.1-cp310-cp310-manylinux_2_5_x86_64.manylinux1_x86_64.whl", hash = "sha256:644310dcfed4373075bc576717eea60b0f49899beb5cffb204ddaf5f27cddb85"},
    {file = "PyQt5_sip-12.12.1-cp310-cp310-win32.whl", hash = "sha256:51720277a53d99bac0914fb970970c9c2ec1a6ab3b7cc5580909d37d9cc6b152"},
    {file = "PyQt5_sip-12.12.1-cp310-cp310-win_amd64.whl", hash = "sha256:2a344855b9c57d37cf000afa46967961122fb1867faee4f53054ebaa1ce51e24"},
    {file = "PyQt5_sip-12.12.1-cp311-cp311-macosx_10_9_universal2.whl", hash = "sha256:59229c8d30141220a472ba4e4212846e8bf0bed84c32cbeb57f70fe727c6dfc2"},
    {file = "PyQt5_sip-12.12.1-cp311-cp311-manylinux_2_5_x86_64.manylinux1_x86_64.whl", hash = "sha256:5a9cbcfe8c15d3a34ef33570f0b0130b8ba68b98fd6ec92c28202b186f3ab870"},
    {file = "PyQt5_sip-12.12.1-cp311-cp311-win32.whl", hash = "sha256:7afc6ec06e79a3e0a7b447e28ef46dad372bdca32e7eff0dcbac6bc53b69a070"},
    {file = "PyQt5_sip-12.12.1-cp311-cp311-win_amd64.whl", hash = "sha256:b5b7a6c76fe3eb6b245ac6599c807b18e9a718167878a0b547db1d071a914c08"},
    {file = "PyQt5_sip-12.12.1-cp37-cp37m-macosx_10_9_x86_64.whl", hash = "sha256:3dad0b2bbe0bae4916e43610186d425cd186469b2e6c7ff853177c113b6af6ed"},
    {file = "PyQt5_sip-12.12.1-cp37-cp37m-manylinux_2_5_x86_64.manylinux1_x86_64.whl", hash = "sha256:d1378815b15198ce6dddd367fbd81f5c018ce473a89ae938b7a58e1d97f25b10"},
    {file = "PyQt5_sip-12.12.1-cp37-cp37m-win32.whl", hash = "sha256:2e3d444f5cb81261c22e7c9d3a9a4484bb9db7a1a3077559100175d36297d1da"},
    {file = "PyQt5_sip-12.12.1-cp37-cp37m-win_amd64.whl", hash = "sha256:eee684532876775e1d0fa20d4aae1b568aaa6c732d74e6657ee832e427d46947"},
    {file = "PyQt5_sip-12.12.1-cp38-cp38-macosx_10_9_x86_64.whl", hash = "sha256:1364f460ae07fc2f4c42dd7a3b3738611b29f5c033025e5e70b03e2687d4bda4"},
    {file = "PyQt5_sip-12.12.1-cp38-cp38-manylinux_2_5_x86_64.manylinux1_x86_64.whl", hash = "sha256:6cb6139b00e347e7d961467d092e67c47a97893bc6ab83104bcaf50bf4815036"},
    {file = "PyQt5_sip-12.12.1-cp38-cp38-win32.whl", hash = "sha256:9e21e11eb6fb468affe0d72ff922788c2adc124480bb274941fce93ddb122b8f"},
    {file = "PyQt5_sip-12.12.1-cp38-cp38-win_amd64.whl", hash = "sha256:f5ac060219c127a5b9009a4cfe33086e36c6bb8e26c0b757b31a6c04d29d630d"},
    {file = "PyQt5_sip-12.12.1-cp39-cp39-macosx_10_9_universal2.whl", hash = "sha256:a65f5869f3f35330c920c1b218319140c0b84f8c49a20727b5e3df2acd496833"},
    {file = "PyQt5_sip-12.12.1-cp39-cp39-manylinux_2_5_x86_64.manylinux1_x86_64.whl", hash = "sha256:e0241b62f5ca9aaff1037f12e6f5ed68168e7200e14e73f05b632381cee0ff4b"},
    {file = "PyQt5_sip-12.12.1-cp39-cp39-win32.whl", hash = "sha256:0e30f6c9b99161d8a524d8b7aa5a001be5fe002797151c27414066b838beaa4e"},
    {file = "PyQt5_sip-12.12.1-cp39-cp39-win_amd64.whl", hash = "sha256:8a2e48a331024a225128f94f5d0fb8089e924419693b2e03eda4d5dbc4313b52"},
    {file = "PyQt5_sip-12.12.1.tar.gz", hash = "sha256:8fdc6e0148abd12d977a1d3828e7b79aae958e83c6cb5adae614916d888a6b10"},
]

[[package]]
name = "requests"
version = "2.31.0"
description = "Python HTTP for Humans."
category = "main"
optional = false
python-versions = ">=3.7"
files = [
    {file = "requests-2.31.0-py3-none-any.whl", hash = "sha256:58cd2187c01e70e6e26505bca751777aa9f2ee0b7f4300988b709f44e013003f"},
    {file = "requests-2.31.0.tar.gz", hash = "sha256:942c5a758f98d790eaed1a29cb6eefc7ffb0d1cf7af05c3d2791656dbd6ad1e1"},
]

[package.dependencies]
certifi = ">=2017.4.17"
charset-normalizer = ">=2,<4"
idna = ">=2.5,<4"
urllib3 = ">=1.21.1,<3"

[package.extras]
socks = ["PySocks (>=1.5.6,!=1.5.7)"]
use-chardet-on-py3 = ["chardet (>=3.0.2,<6)"]

[[package]]
name = "setuptools"
version = "67.8.0"
description = "Easily download, build, install, upgrade, and uninstall Python packages"
category = "main"
optional = false
python-versions = ">=3.7"
files = [
    {file = "setuptools-67.8.0-py3-none-any.whl", hash = "sha256:5df61bf30bb10c6f756eb19e7c9f3b473051f48db77fddbe06ff2ca307df9a6f"},
    {file = "setuptools-67.8.0.tar.gz", hash = "sha256:62642358adc77ffa87233bc4d2354c4b2682d214048f500964dbe760ccedf102"},
]

[package.extras]
docs = ["furo", "jaraco.packaging (>=9)", "jaraco.tidelift (>=1.4)", "pygments-github-lexers (==0.0.5)", "rst.linker (>=1.9)", "sphinx (>=3.5)", "sphinx-favicon", "sphinx-hoverxref (<2)", "sphinx-inline-tabs", "sphinx-lint", "sphinx-notfound-page (==0.8.3)", "sphinx-reredirects", "sphinxcontrib-towncrier"]
testing = ["build[virtualenv]", "filelock (>=3.4.0)", "flake8-2020", "ini2toml[lite] (>=0.9)", "jaraco.envs (>=2.2)", "jaraco.path (>=3.2.0)", "pip (>=19.1)", "pip-run (>=8.8)", "pytest (>=6)", "pytest-black (>=0.3.7)", "pytest-checkdocs (>=2.4)", "pytest-cov", "pytest-enabler (>=1.3)", "pytest-mypy (>=0.9.1)", "pytest-perf", "pytest-ruff", "pytest-timeout", "pytest-xdist", "tomli-w (>=1.0.0)", "virtualenv (>=13.0.0)", "wheel"]
testing-integration = ["build[virtualenv]", "filelock (>=3.4.0)", "jaraco.envs (>=2.2)", "jaraco.path (>=3.2.0)", "pytest", "pytest-enabler", "pytest-xdist", "tomli", "virtualenv (>=13.0.0)", "wheel"]

[[package]]
name = "urllib3"
version = "2.0.2"
description = "HTTP library with thread-safe connection pooling, file post, and more."
category = "main"
optional = false
python-versions = ">=3.7"
files = [
    {file = "urllib3-2.0.2-py3-none-any.whl", hash = "sha256:d055c2f9d38dc53c808f6fdc8eab7360b6fdbbde02340ed25cfbcd817c62469e"},
    {file = "urllib3-2.0.2.tar.gz", hash = "sha256:61717a1095d7e155cdb737ac7bb2f4324a858a1e2e6466f6d03ff630ca68d3cc"},
]

[package.extras]
brotli = ["brotli (>=1.0.9)", "brotlicffi (>=0.8.0)"]
secure = ["certifi", "cryptography (>=1.9)", "idna (>=2.0.0)", "pyopenssl (>=17.1.0)", "urllib3-secure-extra"]
socks = ["pysocks (>=1.5.6,!=1.5.7,<2.0)"]
zstd = ["zstandard (>=0.18.0)"]

[[package]]
name = "xmltodict"
version = "0.13.0"
description = "Makes working with XML feel like you are working with JSON"
category = "main"
optional = false
python-versions = ">=3.4"
files = [
    {file = "xmltodict-0.13.0-py2.py3-none-any.whl", hash = "sha256:aa89e8fd76320154a40d19a0df04a4695fb9dc5ba977cbb68ab3e4eb225e7852"},
    {file = "xmltodict-0.13.0.tar.gz", hash = "sha256:341595a488e3e01a85a9d8911d8912fd922ede5fecc4dce437eb4b6c8d037e56"},
]

[metadata]
lock-version = "2.0"
python-versions = ">=3.10,<3.11"
content-hash = "3b5e901c646bced64e258e24d5cf510e3653ab05fcaf1fd5ef9495ac425d9f56"
